
Microsoft Visual Studio Solution File, Format Version 12.00
# Visual Studio Version 16
VisualStudioVersion = 16.0.30413.136
MinimumVisualStudioVersion = 10.0.40219.1
Project("{2150E333-8FDC-42A3-9474-1A3956D46DE8}") = "Library", "Library", "{6F2D0B12-AA37-4DDF-A6B4-7D9D37CEEFBB}"
EndProject
Project("{2150E333-8FDC-42A3-9474-1A3956D46DE8}") = "Presentation", "Presentation", "{59D8AA6E-5CA6-43F4-AFE2-81633F600B0D}"
EndProject
Project("{9A19103F-16F7-4668-BE54-9A1E7A4F7556}") = "Loyalty.Core", "Library\Loyalty.Core\Loyalty.Core.csproj", "{F5F8174E-5160-4471-AAE4-276346DD0C61}"
EndProject
Project("{9A19103F-16F7-4668-BE54-9A1E7A4F7556}") = "Loyalty.Service", "Library\Loyalty.Service\Loyalty.Service.csproj", "{58B0FA8B-A24C-4638-8F71-FE365B3DAC79}"
EndProject
Project("{9A19103F-16F7-4668-BE54-9A1E7A4F7556}") = "Loyalty.Business", "Library\Loyalty.Business\Loyalty.Business.csproj", "{87A9048A-267F-4F02-9E6A-7979DB6DDE7C}"
EndProject
Project("{9A19103F-16F7-4668-BE54-9A1E7A4F7556}") = "Loyalty.Web", "Presentation\Loyalty.Web\Loyalty.Web.csproj", "{557D41D8-1CD9-436E-81DE-740779D1B451}"
EndProject
Project("{FAE04EC0-301F-11D3-BF4B-00C04F79EFBC}") = "Loyalty.ResponsiveWeb", "Presentation\Loyalty.ResponsiveWeb\Loyalty.ResponsiveWeb.csproj", "{BE6601E9-885C-44EA-93B0-2A35F21169C8}"
EndProject
Global
	GlobalSection(SolutionConfigurationPlatforms) = preSolution
		Debug|Any CPU = Debug|Any CPU
		Release|Any CPU = Release|Any CPU
	EndGlobalSection
	GlobalSection(ProjectConfigurationPlatforms) = postSolution
		{F5F8174E-5160-4471-AAE4-276346DD0C61}.Debug|Any CPU.ActiveCfg = Debug|Any CPU
		{F5F8174E-5160-4471-AAE4-276346DD0C61}.Debug|Any CPU.Build.0 = Debug|Any CPU
		{F5F8174E-5160-4471-AAE4-276346DD0C61}.Release|Any CPU.ActiveCfg = Release|Any CPU
		{F5F8174E-5160-4471-AAE4-276346DD0C61}.Release|Any CPU.Build.0 = Release|Any CPU
		{58B0FA8B-A24C-4638-8F71-FE365B3DAC79}.Debug|Any CPU.ActiveCfg = Debug|Any CPU
		{58B0FA8B-A24C-4638-8F71-FE365B3DAC79}.Debug|Any CPU.Build.0 = Debug|Any CPU
		{58B0FA8B-A24C-4638-8F71-FE365B3DAC79}.Release|Any CPU.ActiveCfg = Release|Any CPU
		{58B0FA8B-A24C-4638-8F71-FE365B3DAC79}.Release|Any CPU.Build.0 = Release|Any CPU
		{87A9048A-267F-4F02-9E6A-7979DB6DDE7C}.Debug|Any CPU.ActiveCfg = Debug|Any CPU
		{87A9048A-267F-4F02-9E6A-7979DB6DDE7C}.Debug|Any CPU.Build.0 = Debug|Any CPU
		{87A9048A-267F-4F02-9E6A-7979DB6DDE7C}.Release|Any CPU.ActiveCfg = Release|Any CPU
		{87A9048A-267F-4F02-9E6A-7979DB6DDE7C}.Release|Any CPU.Build.0 = Release|Any CPU
		{557D41D8-1CD9-436E-81DE-740779D1B451}.Debug|Any CPU.ActiveCfg = Debug|Any CPU
		{557D41D8-1CD9-436E-81DE-740779D1B451}.Debug|Any CPU.Build.0 = Debug|Any CPU
		{557D41D8-1CD9-436E-81DE-740779D1B451}.Release|Any CPU.ActiveCfg = Release|Any CPU
		{557D41D8-1CD9-436E-81DE-740779D1B451}.Release|Any CPU.Build.0 = Release|Any CPU
		{BE6601E9-885C-44EA-93B0-2A35F21169C8}.Debug|Any CPU.ActiveCfg = Debug|Any CPU
		{BE6601E9-885C-44EA-93B0-2A35F21169C8}.Debug|Any CPU.Build.0 = Debug|Any CPU
		{BE6601E9-885C-44EA-93B0-2A35F21169C8}.Release|Any CPU.ActiveCfg = Release|Any CPU
		{BE6601E9-885C-44EA-93B0-2A35F21169C8}.Release|Any CPU.Build.0 = Release|Any CPU
	EndGlobalSection
	GlobalSection(SolutionProperties) = preSolution
		HideSolutionNode = FALSE
	EndGlobalSection
	GlobalSection(NestedProjects) = preSolution
		{F5F8174E-5160-4471-AAE4-276346DD0C61} = {6F2D0B12-AA37-4DDF-A6B4-7D9D37CEEFBB}
		{58B0FA8B-A24C-4638-8F71-FE365B3DAC79} = {6F2D0B12-AA37-4DDF-A6B4-7D9D37CEEFBB}
		{87A9048A-267F-4F02-9E6A-7979DB6DDE7C} = {6F2D0B12-AA37-4DDF-A6B4-7D9D37CEEFBB}
		{557D41D8-1CD9-436E-81DE-740779D1B451} = {59D8AA6E-5CA6-43F4-AFE2-81633F600B0D}
		{BE6601E9-885C-44EA-93B0-2A35F21169C8} = {59D8AA6E-5CA6-43F4-AFE2-81633F600B0D}
	EndGlobalSection
	GlobalSection(ExtensibilityGlobals) = postSolution
		SolutionGuid = {82A7E5EB-4442-49BA-B8B7-870D1F3EA7A7}
	EndGlobalSection
EndGlobal
